{
  "socketPath": "\\\\.\\pipe\\mcp-aa6d79cf-d7e9-431e-8ca7-52adda375916.sock",
  "scheme": "pipe",
  "headers": {
    "Authorization": "Nonce 40ebe998-a92c-488a-8eba-279c199e69ed"
  },
  "pid": 18756,
  "ideName": "Visual Studio Code",
  "timestamp": 1787126922530,
  "workspaceFolders": [
    "c:\\Users\\jason"
  ],
  "isTrusted": true
}